
Microsoft Visual Studio Solution File, Format Version 12.00
# Visual Studio Version 16
VisualStudioVersion = 16.0.30330.147
MinimumVisualStudioVersion = 10.0.40219.1
Project("{9A19103F-16F7-4668-BE54-9A1E7A4F7556}") = "RecipesSharer", "RecipesSharer\RecipesSharer.csproj", "{4357622B-F816-4895-82C9-733B758415DA}"
EndProject
Global
	GlobalSection(SolutionConfigurationPlatforms) = preSolution
		Debug|Any CPU = Debug|Any CPU
		Release|Any CPU = Release|Any CPU
	EndGlobalSection
	GlobalSection(ProjectConfigurationPlatforms) = postSolution
		{4357622B-F816-4895-82C9-733B758415DA}.Debug|Any CPU.ActiveCfg = Debug|Any CPU
		{4357622B-F816-4895-82C9-733B758415DA}.Debug|Any CPU.Build.0 = Debug|Any CPU
		{4357622B-F816-4895-82C9-733B758415DA}.Release|Any CPU.ActiveCfg = Release|Any CPU
		{4357622B-F816-4895-82C9-733B758415DA}.Release|Any CPU.Build.0 = Release|Any CPU
	EndGlobalSection
	GlobalSection(SolutionProperties) = preSolution
		HideSolutionNode = FALSE
	EndGlobalSection
	GlobalSection(ExtensibilityGlobals) = postSolution
		SolutionGuid = {F5C90BDF-3A1C-4FFA-9D91-2C931812AD9B}
	EndGlobalSection
EndGlobal
